// !$*UTF8*$!
{
	archiveVersion = 1;
	classes = {
	};
	objectVersion = 46;
	objects = {

/* Begin PBXBuildFile section */
		C75DA69D1ADD441C00D3D3C7 /* main.m in Sources */ = {isa = PBXBuildFile; fileRef = C75DA69C1ADD441C00D3D3C7 /* main.m */; };
		C75DA6A01ADD441C00D3D3C7 /* AppDelegate.m in Sources */ = {isa = PBXBuildFile; fileRef = C75DA69F1ADD441C00D3D3C7 /* AppDelegate.m */; };
		C75DA6A31ADD441C00D3D3C7 /* FirstViewController.m in Sources */ = {isa = PBXBuildFile; fileRef = C75DA6A21ADD441C00D3D3C7 /* FirstViewController.m */; };
		C75DA6A61ADD441C00D3D3C7 /* SecondViewController.m in Sources */ = {isa = PBXBuildFile; fileRef = C75DA6A51ADD441C00D3D3C7 /* SecondViewController.m */; };
		C75DA6A91ADD441C00D3D3C7 /* Main.storyboard in Resources */ = {isa = PBXBuildFile; fileRef = C75DA6A71ADD441C00D3D3C7 /* Main.storyboard */; };
		C75DA6AB1ADD441C00D3D3C7 /* Images.xcassets in Resources */ = {isa = PBXBuildFile; fileRef = C75DA6AA1ADD441C00D3D3C7 /* Images.xcassets */; };
		C75DA6AE1ADD441C00D3D3C7 /* LaunchScreen.xib in Resources */ = {isa = PBXBuildFile; fileRef = C75DA6AC1ADD441C00D3D3C7 /* LaunchScreen.xib */; };
		C75DA6BA1ADD441D00D3D3C7 /* NURBLTests.m in Sources */ = {isa = PBXBuildFile; fileRef = C75DA6B91ADD441D00D3D3C7 /* NURBLTests.m */; };
/* End PBXBuildFile section */

/* Begin PBXContainerItemProxy section */
		C75DA6B41ADD441D00D3D3C7 /* PBXContainerItemProxy */ = {
			isa = PBXContainerItemProxy;
			containerPortal = C75DA68F1ADD441C00D3D3C7 /* Project object */;
			proxyType = 1;
			remoteGlobalIDString = C75DA6961ADD441C00D3D3C7;
			remoteInfo = NURBL;
		};
/* End PBXContainerItemProxy section */

/* Begin PBXFileReference section */
		C75DA6971ADD441C00D3D3C7 /* NURBL.app */ = {isa = PBXFileReference; explicitFileType = wrapper.application; includeInIndex = 0; path = NURBL.app; sourceTree = BUILT_PRODUCTS_DIR; };
		C75DA69B1ADD441C00D3D3C7 /* Info.plist */ = {isa = PBXFileReference; lastKnownFileType = text.plist.xml; path = Info.plist; sourceTree = "<group>"; };
		C75DA69C1ADD441C00D3D3C7 /* main.m */ = {isa = PBXFileReference; lastKnownFileType = sourcecode.c.objc; path = main.m; sourceTree = "<group>"; };
		C75DA69E1ADD441C00D3D3C7 /* AppDelegate.h */ = {isa = PBXFileReference; lastKnownFileType = sourcecode.c.h; path = AppDelegate.h; sourceTree = "<group>"; };
		C75DA69F1ADD441C00D3D3C7 /* AppDelegate.m */ = {isa = PBXFileReference; lastKnownFileType = sourcecode.c.objc; path = AppDelegate.m; sourceTree = "<group>"; };
		C75DA6A11ADD441C00D3D3C7 /* FirstViewController.h */ = {isa = PBXFileReference; lastKnownFileType = sourcecode.c.h; path = FirstViewController.h; sourceTree = "<group>"; };
		C75DA6A21ADD441C00D3D3C7 /* FirstViewController.m */ = {isa = PBXFileReference; lastKnownFileType = sourcecode.c.objc; path = FirstViewController.m; sourceTree = "<group>"; };
		C75DA6A41ADD441C00D3D3C7 /* SecondViewController.h */ = {isa = PBXFileReference; lastKnownFileType = sourcecode.c.h; path = SecondViewController.h; sourceTree = "<group>"; };
		C75DA6A51ADD441C00D3D3C7 /* SecondViewController.m */ = {isa = PBXFileReference; lastKnownFileType = sourcecode.c.objc; path = SecondViewController.m; sourceTree = "<group>"; };
		C75DA6A81ADD441C00D3D3C7 /* Base */ = {isa = PBXFileReference; lastKnownFileType = file.storyboard; name = Base; path = Base.lproj/Main.storyboard; sourceTree = "<group>"; };
		C75DA6AA1ADD441C00D3D3C7 /* Images.xcassets */ = {isa = PBXFileReference; lastKnownFileType = folder.assetcatalog; path = Images.xcassets; sourceTree = "<group>"; };
		C75DA6AD1ADD441C00D3D3C7 /* Base */ = {isa = PBXFileReference; lastKnownFileType = file.xib; name = Base; path = Base.lproj/LaunchScreen.xib; sourceTree = "<group>"; };
		C75DA6B31ADD441D00D3D3C7 /* NURBLTests.xctest */ = {isa = PBXFileReference; explicitFileType = wrapper.cfbundle; includeInIndex = 0; path = NURBLTests.xctest; sourceTree = BUILT_PRODUCTS_DIR; };
		C75DA6B81ADD441D00D3D3C7 /* Info.plist */ = {isa = PBXFileReference; lastKnownFileType = text.plist.xml; path = Info.plist; sourceTree = "<group>"; };
		C75DA6B91ADD441D00D3D3C7 /* NURBLTests.m */ = {isa = PBXFileReference; lastKnownFileType = sourcecode.c.objc; path = NURBLTests.m; sourceTree = "<group>"; };
/* End PBXFileReference section */

/* Begin PBXFrameworksBuildPhase section */
		C75DA6941ADD441C00D3D3C7 /* Frameworks */ = {
			isa = PBXFrameworksBuildPhase;
			buildActionMask = 2147483647;
			files = (
			);
			runOnlyForDeploymentPostprocessing = 0;
		};
		C75DA6B01ADD441D00D3D3C7 /* Frameworks */ = {
			isa = PBXFrameworksBuildPhase;
			buildActionMask = 2147483647;
			files = (
			);
			runOnlyForDeploymentPostprocessing = 0;
		};
/* End PBXFrameworksBuildPhase section */

/* Begin PBXGroup section */
		C75DA68E1ADD441C00D3D3C7 = {
			isa = PBXGroup;
			children = (
				C75DA6991ADD441C00D3D3C7 /* NURBL */,
				C75DA6B61ADD441D00D3D3C7 /* NURBLTests */,
				C75DA6981ADD441C00D3D3C7 /* Products */,
			);
			sourceTree = "<group>";
		};
		C75DA6981ADD441C00D3D3C7 /* Products */ = {
			isa = PBXGroup;
			children = (
				C75DA6971ADD441C00D3D3C7 /* NURBL.app */,
				C75DA6B31ADD441D00D3D3C7 /* NURBLTests.xctest */,
			);
			name = Products;
			sourceTree = "<group>";
		};
		C75DA6991ADD441C00D3D3C7 /* NURBL */ = {
			isa = PBXGroup;
			children = (
				C75DA69E1ADD441C00D3D3C7 /* AppDelegate.h */,
				C75DA69F1ADD441C00D3D3C7 /* AppDelegate.m */,
				C75DA6A11ADD441C00D3D3C7 /* FirstViewController.h */,
				C75DA6A21ADD441C00D3D3C7 /* FirstViewController.m */,
				C75DA6A41ADD441C00D3D3C7 /* SecondViewController.h */,
				C75DA6A51ADD441C00D3D3C7 /* SecondViewController.m */,
				C75DA6A71ADD441C00D3D3C7 /* Main.storyboard */,
				C75DA6AA1ADD441C00D3D3C7 /* Images.xcassets */,
				C75DA6AC1ADD441C00D3D3C7 /* LaunchScreen.xib */,
				C75DA69A1ADD441C00D3D3C7 /* Supporting Files */,
			);
			path = NURBL;
			sourceTree = "<group>";
		};
		C75DA69A1ADD441C00D3D3C7 /* Supporting Files */ = {
			isa = PBXGroup;
			children = (
				C75DA69B1ADD441C00D3D3C7 /* Info.plist */,
				C75DA69C1ADD441C00D3D3C7 /* main.m */,
			);
			name = "Supporting Files";
			sourceTree = "<group>";
		};
		C75DA6B61ADD441D00D3D3C7 /* NURBLTests */ = {
			isa = PBXGroup;
			children = (
				C75DA6B91ADD441D00D3D3C7 /* NURBLTests.m */,
				C75DA6B71ADD441D00D3D3C7 /* Supporting Files */,
			);
			path = NURBLTests;
			sourceTree = "<group>";
		};
		C75DA6B71ADD441D00D3D3C7 /* Supporting Files */ = {
			isa = PBXGroup;
			children = (
				C75DA6B81ADD441D00D3D3C7 /* Info.plist */,
			);
			name = "Supporting Files";
			sourceTree = "<group>";
		};
/* End PBXGroup section */

/* Begin PBXNativeTarget section */
		C75DA6961ADD441C00D3D3C7 /* NURBL */ = {
			isa = PBXNativeTarget;
			buildConfigurationList = C75DA6BD1ADD441D00D3D3C7 /* Build configuration list for PBXNativeTarget "NURBL" */;
			buildPhases = (
				C75DA6931ADD441C00D3D3C7 /* Sources */,
				C75DA6941ADD441C00D3D3C7 /* Frameworks */,
				C75DA6951ADD441C00D3D3C7 /* Resources */,
			);
			buildRules = (
			);
			dependencies = (
			);
			name = NURBL;
			productName = NURBL;
			productReference = C75DA6971ADD441C00D3D3C7 /* NURBL.app */;
			productType = "com.apple.product-type.application";
		};
		C75DA6B21ADD441D00D3D3C7 /* NURBLTests */ = {
			isa = PBXNativeTarget;
			buildConfigurationList = C75DA6C01ADD441D00D3D3C7 /* Build configuration list for PBXNativeTarget "NURBLTests" */;
			buildPhases = (
				C75DA6AF1ADD441D00D3D3C7 /* Sources */,
				C75DA6B01ADD441D00D3D3C7 /* Frameworks */,
				C75DA6B11ADD441D00D3D3C7 /* Resources */,
			);
			buildRules = (
			);
			dependencies = (
				C75DA6B51ADD441D00D3D3C7 /* PBXTargetDependency */,
			);
			name = NURBLTests;
			productName = NURBLTests;
			productReference = C75DA6B31ADD441D00D3D3C7 /* NURBLTests.xctest */;
			productType = "com.apple.product-type.bundle.unit-test";
		};
/* End PBXNativeTarget section */

/* Begin PBXProject section */
		C75DA68F1ADD441C00D3D3C7 /* Project object */ = {
			isa = PBXProject;
			attributes = {
				LastUpgradeCheck = 0630;
				ORGANIZATIONNAME = com.dhccnurse.cyf;
				TargetAttributes = {
					C75DA6961ADD441C00D3D3C7 = {
						CreatedOnToolsVersion = 6.3;
					};
					C75DA6B21ADD441D00D3D3C7 = {
						CreatedOnToolsVersion = 6.3;
						TestTargetID = C75DA6961ADD441C00D3D3C7;
					};
				};
			};
			buildConfigurationList = C75DA6921ADD441C00D3D3C7 /* Build configuration list for PBXProject "NURBL" */;
			compatibilityVersion = "Xcode 3.2";
			developmentRegion = English;
			hasScannedForEncodings = 0;
			knownRegions = (
				en,
				Base,
			);
			mainGroup = C75DA68E1ADD441C00D3D3C7;
			productRefGroup = C75DA6981ADD441C00D3D3C7 /* Products */;
			projectDirPath = "";
			projectRoot = "";
			targets = (
				C75DA6961ADD441C00D3D3C7 /* NURBL */,
				C75DA6B21ADD441D00D3D3C7 /* NURBLTests */,
			);
		};
/* End PBXProject section */

/* Begin PBXResourcesBuildPhase section */
		C75DA6951ADD441C00D3D3C7 /* Resources */ = {
			isa = PBXResourcesBuildPhase;
			buildActionMask = 2147483647;
			files = (
				C75DA6A91ADD441C00D3D3C7 /* Main.storyboard in Resources */,
				C75DA6AE1ADD441C00D3D3C7 /* LaunchScreen.xib in Resources */,
				C75DA6AB1ADD441C00D3D3C7 /* Images.xcassets in Resources */,
			);
			runOnlyForDeploymentPostprocessing = 0;
		};
		C75DA6B11ADD441D00D3D3C7 /* Resources */ = {
			isa = PBXResourcesBuildPhase;
			buildActionMask = 2147483647;
			files = (
			);
			runOnlyForDeploymentPostprocessing = 0;
		};
/* End PBXResourcesBuildPhase section */

/* Begin PBXSourcesBuildPhase section */
		C75DA6931ADD441C00D3D3C7 /* Sources */ = {
			isa = PBXSourcesBuildPhase;
			buildActionMask = 2147483647;
			files = (
				C75DA6A61ADD441C00D3D3C7 /* SecondViewController.m in Sources */,
				C75DA6A01ADD441C00D3D3C7 /* AppDelegate.m in Sources */,
				C75DA6A31ADD441C00D3D3C7 /* FirstViewController.m in Sources */,
				C75DA69D1ADD441C00D3D3C7 /* main.m in Sources */,
			);
			runOnlyForDeploymentPostprocessing = 0;
		};
		C75DA6AF1ADD441D00D3D3C7 /* Sources */ = {
			isa = PBXSourcesBuildPhase;
			buildActionMask = 2147483647;
			files = (
				C75DA6BA1ADD441D00D3D3C7 /* NURBLTests.m in Sources */,
			);
			runOnlyForDeploymentPostprocessing = 0;
		};
/* End PBXSourcesBuildPhase section */

/* Begin PBXTargetDependency section */
		C75DA6B51ADD441D00D3D3C7 /* PBXTargetDependency */ = {
			isa = PBXTargetDependency;
			target = C75DA6961ADD441C00D3D3C7 /* NURBL */;
			targetProxy = C75DA6B41ADD441D00D3D3C7 /* PBXContainerItemProxy */;
		};
/* End PBXTargetDependency section */

/* Begin PBXVariantGroup section */
		C75DA6A71ADD441C00D3D3C7 /* Main.storyboard */ = {
			isa = PBXVariantGroup;
			children = (
				C75DA6A81ADD441C00D3D3C7 /* Base */,
			);
			name = Main.storyboard;
			sourceTree = "<group>";
		};
		C75DA6AC1ADD441C00D3D3C7 /* LaunchScreen.xib */ = {
			isa = PBXVariantGroup;
			children = (
				C75DA6AD1ADD441C00D3D3C7 /* Base */,
			);
			name = LaunchScreen.xib;
			sourceTree = "<group>";
		};
/* End PBXVariantGroup section */

/* Begin XCBuildConfiguration section */
		C75DA6BB1ADD441D00D3D3C7 /* Debug */ = {
			isa = XCBuildConfiguration;
			buildSettings = {
				ALWAYS_SEARCH_USER_PATHS = NO;
				CLANG_CXX_LANGUAGE_STANDARD = "gnu++0x";
				CLANG_CXX_LIBRARY = "libc++";
				CLANG_ENABLE_MODULES = YES;
				CLANG_ENABLE_OBJC_ARC = YES;
				CLANG_WARN_BOOL_CONVERSION = YES;
				CLANG_WARN_CONSTANT_CONVERSION = YES;
				CLANG_WARN_DIRECT_OBJC_ISA_USAGE = YES_ERROR;
				CLANG_WARN_EMPTY_BODY = YES;
				CLANG_WARN_ENUM_CONVERSION = YES;
				CLANG_WARN_INT_CONVERSION = YES;
				CLANG_WARN_OBJC_ROOT_CLASS = YES_ERROR;
				CLANG_WARN_UNREACHABLE_CODE = YES;
				CLANG_WARN__DUPLICATE_METHOD_MATCH = YES;
				"CODE_SIGN_IDENTITY[sdk=iphoneos*]" = "iPhone Developer";
				COPY_PHASE_STRIP = NO;
				DEBUG_INFORMATION_FORMAT = dwarf;
				ENABLE_STRICT_OBJC_MSGSEND = YES;
				GCC_C_LANGUAGE_STANDARD = gnu99;
				GCC_DYNAMIC_NO_PIC = NO;
				GCC_NO_COMMON_BLOCKS = YES;
				GCC_OPTIMIZATION_LEVEL = 0;
				GCC_PREPROCESSOR_DEFINITIONS = (
					"DEBUG=1",
					"$(inherited)",
				);
				GCC_SYMBOLS_PRIVATE_EXTERN = NO;
				GCC_WARN_64_TO_32_BIT_CONVERSION = YES;
				GCC_WARN_ABOUT_RETURN_TYPE = YES_ERROR;
				GCC_WARN_UNDECLARED_SELECTOR = YES;
				GCC_WARN_UNINITIALIZED_AUTOS = YES_AGGRESSIVE;
				GCC_WARN_UNUSED_FUNCTION = YES;
				GCC_WARN_UNUSED_VARIABLE = YES;
				IPHONEOS_DEPLOYMENT_TARGET = 8.3;
				MTL_ENABLE_DEBUG_INFO = YES;
				ONLY_ACTIVE_ARCH = YES;
				SDKROOT = iphoneos;
				TARGETED_DEVICE_FAMILY = "1,2";
			};
			name = Debug;
		};
		C75DA6BC1ADD441D00D3D3C7 /* Release */ = {
			isa = XCBuildConfiguration;
			buildSettings = {
				ALWAYS_SEARCH_USER_PATHS = NO;
				CLANG_CXX_LANGUAGE_STANDARD = "gnu++0x";
				CLANG_CXX_LIBRARY = "libc++";
				CLANG_ENABLE_MODULES = YES;
				CLANG_ENABLE_OBJC_ARC = YES;
				CLANG_WARN_BOOL_CONVERSION = YES;
				CLANG_WARN_CONSTANT_CONVERSION = YES;
				CLANG_WARN_DIRECT_OBJC_ISA_USAGE = YES_ERROR;
				CLANG_WARN_EMPTY_BODY = YES;
				CLANG_WARN_ENUM_CONVERSION = YES;
				CLANG_WARN_INT_CONVERSION = YES;
				CLANG_WARN_OBJC_ROOT_CLASS = YES_ERROR;
				CLANG_WARN_UNREACHABLE_CODE = YES;
				CLANG_WARN__DUPLICATE_METHOD_MATCH = YES;
				"CODE_SIGN_IDENTITY[sdk=iphoneos*]" = "iPhone Developer";
				COPY_PHASE_STRIP = NO;
				DEBUG_INFORMATION_FORMAT = "dwarf-with-dsym";
				ENABLE_NS_ASSERTIONS = NO;
				ENABLE_STRICT_OBJC_MSGSEND = YES;
				GCC_C_LANGUAGE_STANDARD = gnu99;
				GCC_NO_COMMON_BLOCKS = YES;
				GCC_WARN_64_TO_32_BIT_CONVERSION = YES;
				GCC_WARN_ABOUT_RETURN_TYPE = YES_ERROR;
				GCC_WARN_UNDECLARED_SELECTOR = YES;
				GCC_WARN_UNINITIALIZED_AUTOS = YES_AGGRESSIVE;
				GCC_WARN_UNUSED_FUNCTION = YES;
				GCC_WARN_UNUSED_VARIABLE = YES;
				IPHONEOS_DEPLOYMENT_TARGET = 8.3;
				MTL_ENABLE_DEBUG_INFO = NO;
				SDKROOT = iphoneos;
				TARGETED_DEVICE_FAMILY = "1,2";
				VALIDATE_PRODUCT = YES;
			};
			name = Release;
		};
		C75DA6BE1ADD441D00D3D3C7 /* Debug */ = {
			isa = XCBuildConfiguration;
			buildSettings = {
				ASSETCATALOG_COMPILER_APPICON_NAME = AppIcon;
				INFOPLIST_FILE = NURBL/Info.plist;
				LD_RUNPATH_SEARCH_PATHS = "$(inherited) @executable_path/Frameworks";
				PRODUCT_NAME = "$(TARGET_NAME)";
			};
			name = Debug;
		};
		C75DA6BF1ADD441D00D3D3C7 /* Release */ = {
			isa = XCBuildConfiguration;
			buildSettings = {
				ASSETCATALOG_COMPILER_APPICON_NAME = AppIcon;
				INFOPLIST_FILE = NURBL/Info.plist;
				LD_RUNPATH_SEARCH_PATHS = "$(inherited) @executable_path/Frameworks";
				PRODUCT_NAME = "$(TARGET_NAME)";
			};
			name = Release;
		};
		C75DA6C11ADD441D00D3D3C7 /* Debug */ = {
			isa = XCBuildConfiguration;
			buildSettings = {
				BUNDLE_LOADER = "$(TEST_HOST)";
				FRAMEWORK_SEARCH_PATHS = (
					"$(SDKROOT)/Developer/Library/Frameworks",
					"$(inherited)",
				);
				GCC_PREPROCESSOR_DEFINITIONS = (
					"DEBUG=1",
					"$(inherited)",
				);
				INFOPLIST_FILE = NURBLTests/Info.plist;
				LD_RUNPATH_SEARCH_PATHS = "$(inherited) @executable_path/Frameworks @loader_path/Frameworks";
				PRODUCT_NAME = "$(TARGET_NAME)";
				TEST_HOST = "$(BUILT_PRODUCTS_DIR)/NURBL.app/NURBL";
			};
			name = Debug;
		};
		C75DA6C21ADD441D00D3D3C7 /* Release */ = {
			isa = XCBuildConfiguration;
			buildSettings = {
				BUNDLE_LOADER = "$(TEST_HOST)";
				FRAMEWORK_SEARCH_PATHS = (
					"$(SDKROOT)/Developer/Library/Frameworks",
					"$(inherited)",
				);
				INFOPLIST_FILE = NURBLTests/Info.plist;
				LD_RUNPATH_SEARCH_PATHS = "$(inherited) @executable_path/Frameworks @loader_path/Frameworks";
				PRODUCT_NAME = "$(TARGET_NAME)";
				TEST_HOST = "$(BUILT_PRODUCTS_DIR)/NURBL.app/NURBL";
			};
			name = Release;
		};
/* End XCBuildConfiguration section */

/* Begin XCConfigurationList section */
		C75DA6921ADD441C00D3D3C7 /* Build configuration list for PBXProject "NURBL" */ = {
			isa = XCConfigurationList;
			buildConfigurations = (
				C75DA6BB1ADD441D00D3D3C7 /* Debug */,
				C75DA6BC1ADD441D00D3D3C7 /* Release */,
			);
			defaultConfigurationIsVisible = 0;
			defaultConfigurationName = Release;
		};
		C75DA6BD1ADD441D00D3D3C7 /* Build configuration list for PBXNativeTarget "NURBL" */ = {
			isa = XCConfigurationList;
			buildConfigurations = (
				C75DA6BE1ADD441D00D3D3C7 /* Debug */,
				C75DA6BF1ADD441D00D3D3C7 /* Release */,
			);
			defaultConfigurationIsVisible = 0;
		};
		C75DA6C01ADD441D00D3D3C7 /* Build configuration list for PBXNativeTarget "NURBLTests" */ = {
			isa = XCConfigurationList;
			buildConfigurations = (
				C75DA6C11ADD441D00D3D3C7 /* Debug */,
				C75DA6C21ADD441D00D3D3C7 /* Release */,
			);
			defaultConfigurationIsVisible = 0;
		};
/* End XCConfigurationList section */
	};
	rootObject = C75DA68F1ADD441C00D3D3C7 /* Project object */;
}
